
Microsoft Visual Studio Solution File, Format Version 12.00
# Visual Studio Version 17
VisualStudioVersion = 17.4.33122.133
MinimumVisualStudioVersion = 10.0.40219.1
Project("{FAE04EC0-301F-11D3-BF4B-00C04F79EFBC}") = "ConsoleApp4", "ConsoleApp4.csproj", "{41005EAD-3C89-44DE-91EE-6A4068E6618A}"
EndProject
Global
	GlobalSection(SolutionConfigurationPlatforms) = preSolution
		Debug|Any CPU = Debug|Any CPU
		Release|Any CPU = Release|Any CPU
	EndGlobalSection
	GlobalSection(ProjectConfigurationPlatforms) = postSolution
		{41005EAD-3C89-44DE-91EE-6A4068E6618A}.Debug|Any CPU.ActiveCfg = Debug|Any CPU
		{41005EAD-3C89-44DE-91EE-6A4068E6618A}.Debug|Any CPU.Build.0 = Debug|Any CPU
		{41005EAD-3C89-44DE-91EE-6A4068E6618A}.Release|Any CPU.ActiveCfg = Release|Any CPU
		{41005EAD-3C89-44DE-91EE-6A4068E6618A}.Release|Any CPU.Build.0 = Release|Any CPU
	EndGlobalSection
	GlobalSection(SolutionProperties) = preSolution
		HideSolutionNode = FALSE
	EndGlobalSection
	GlobalSection(ExtensibilityGlobals) = postSolution
		SolutionGuid = {5D482E42-8B9B-42BB-98D9-916A530E65F9}
	EndGlobalSection
EndGlobal
